
Microsoft Visual Studio Solution File, Format Version 12.00
# Visual Studio 15
VisualStudioVersion = 15.0.27130.2036
MinimumVisualStudioVersion = 10.0.40219.1
Project("{FAE04EC0-301F-11D3-BF4B-00C04F79EFBC}") = "DEV-6", "DEV-6\DEV-6.csproj", "{54262C6E-815D-44F6-BF15-63DE2046CBC4}"
EndProject
Global
	GlobalSection(SolutionConfigurationPlatforms) = preSolution
		Debug|Any CPU = Debug|Any CPU
		Release|Any CPU = Release|Any CPU
	EndGlobalSection
	GlobalSection(ProjectConfigurationPlatforms) = postSolution
		{54262C6E-815D-44F6-BF15-63DE2046CBC4}.Debug|Any CPU.ActiveCfg = Debug|Any CPU
		{54262C6E-815D-44F6-BF15-63DE2046CBC4}.Debug|Any CPU.Build.0 = Debug|Any CPU
		{54262C6E-815D-44F6-BF15-63DE2046CBC4}.Release|Any CPU.ActiveCfg = Release|Any CPU
		{54262C6E-815D-44F6-BF15-63DE2046CBC4}.Release|Any CPU.Build.0 = Release|Any CPU
	EndGlobalSection
	GlobalSection(SolutionProperties) = preSolution
		HideSolutionNode = FALSE
	EndGlobalSection
	GlobalSection(ExtensibilityGlobals) = postSolution
		SolutionGuid = {949D83ED-959B-4DAB-9783-8E7D77419EAF}
	EndGlobalSection
EndGlobal
