
Microsoft Visual Studio Solution File, Format Version 12.00
# Visual Studio 15
VisualStudioVersion = 15.0.27130.2036
MinimumVisualStudioVersion = 10.0.40219.1
Project("{FAE04EC0-301F-11D3-BF4B-00C04F79EFBC}") = "DEV4", "DEV4\DEV4.csproj", "{6EED8F89-29D3-48EA-A4E7-49568AD6768C}"
EndProject
Global
	GlobalSection(SolutionConfigurationPlatforms) = preSolution
		Debug|Any CPU = Debug|Any CPU
		Release|Any CPU = Release|Any CPU
	EndGlobalSection
	GlobalSection(ProjectConfigurationPlatforms) = postSolution
		{6EED8F89-29D3-48EA-A4E7-49568AD6768C}.Debug|Any CPU.ActiveCfg = Debug|Any CPU
		{6EED8F89-29D3-48EA-A4E7-49568AD6768C}.Debug|Any CPU.Build.0 = Debug|Any CPU
		{6EED8F89-29D3-48EA-A4E7-49568AD6768C}.Release|Any CPU.ActiveCfg = Release|Any CPU
		{6EED8F89-29D3-48EA-A4E7-49568AD6768C}.Release|Any CPU.Build.0 = Release|Any CPU
	EndGlobalSection
	GlobalSection(SolutionProperties) = preSolution
		HideSolutionNode = FALSE
	EndGlobalSection
	GlobalSection(ExtensibilityGlobals) = postSolution
		SolutionGuid = {0F2C12FD-20C7-483E-95BA-C2CCD124B9D1}
	EndGlobalSection
EndGlobal
