
Microsoft Visual Studio Solution File, Format Version 12.00
# Visual Studio 15
VisualStudioVersion = 15.0.27130.2036
MinimumVisualStudioVersion = 10.0.40219.1
Project("{FAE04EC0-301F-11D3-BF4B-00C04F79EFBC}") = "task_1", "task_1\task_1.csproj", "{55344539-E7C6-407D-93EA-A2DFB724A384}"
EndProject
Global
	GlobalSection(SolutionConfigurationPlatforms) = preSolution
		Debug|Any CPU = Debug|Any CPU
		Release|Any CPU = Release|Any CPU
	EndGlobalSection
	GlobalSection(ProjectConfigurationPlatforms) = postSolution
		{55344539-E7C6-407D-93EA-A2DFB724A384}.Debug|Any CPU.ActiveCfg = Debug|Any CPU
		{55344539-E7C6-407D-93EA-A2DFB724A384}.Debug|Any CPU.Build.0 = Debug|Any CPU
		{55344539-E7C6-407D-93EA-A2DFB724A384}.Release|Any CPU.ActiveCfg = Release|Any CPU
		{55344539-E7C6-407D-93EA-A2DFB724A384}.Release|Any CPU.Build.0 = Release|Any CPU
	EndGlobalSection
	GlobalSection(SolutionProperties) = preSolution
		HideSolutionNode = FALSE
	EndGlobalSection
	GlobalSection(ExtensibilityGlobals) = postSolution
		SolutionGuid = {7DB517C4-8F2D-4CF2-9150-8FAAB636F644}
	EndGlobalSection
EndGlobal
